
Microsoft Visual Studio Solution File, Format Version 12.00
# Visual Studio Version 17
VisualStudioVersion = 17.0.31612.314
MinimumVisualStudioVersion = 10.0.40219.1
Project("{9A19103F-16F7-4668-BE54-9A1E7A4F7556}") = "DailyPlanner", "DailyPlanner\DailyPlanner.csproj", "{E30DBCE2-F77E-4687-8E2E-60AA09200D86}"
EndProject
Project("{FAE04EC0-301F-11D3-BF4B-00C04F79EFBC}") = "DailyPlanner.Common", "DailyPlanner.Common\DailyPlanner.Common.csproj", "{3BBF426A-BAB0-420E-8F2E-76BBC5E2153A}"
EndProject
Global
	GlobalSection(SolutionConfigurationPlatforms) = preSolution
		Debug|Any CPU = Debug|Any CPU
		Release|Any CPU = Release|Any CPU
	EndGlobalSection
	GlobalSection(ProjectConfigurationPlatforms) = postSolution
		{E30DBCE2-F77E-4687-8E2E-60AA09200D86}.Debug|Any CPU.ActiveCfg = Debug|Any CPU
		{E30DBCE2-F77E-4687-8E2E-60AA09200D86}.Debug|Any CPU.Build.0 = Debug|Any CPU
		{E30DBCE2-F77E-4687-8E2E-60AA09200D86}.Release|Any CPU.ActiveCfg = Release|Any CPU
		{E30DBCE2-F77E-4687-8E2E-60AA09200D86}.Release|Any CPU.Build.0 = Release|Any CPU
		{3BBF426A-BAB0-420E-8F2E-76BBC5E2153A}.Debug|Any CPU.ActiveCfg = Debug|Any CPU
		{3BBF426A-BAB0-420E-8F2E-76BBC5E2153A}.Debug|Any CPU.Build.0 = Debug|Any CPU
		{3BBF426A-BAB0-420E-8F2E-76BBC5E2153A}.Release|Any CPU.ActiveCfg = Release|Any CPU
		{3BBF426A-BAB0-420E-8F2E-76BBC5E2153A}.Release|Any CPU.Build.0 = Release|Any CPU
	EndGlobalSection
	GlobalSection(SolutionProperties) = preSolution
		HideSolutionNode = FALSE
	EndGlobalSection
	GlobalSection(ExtensibilityGlobals) = postSolution
		SolutionGuid = {DDAD9CC7-DE0F-4FDD-A9B5-14C0DA2A93F3}
	EndGlobalSection
EndGlobal
